{
  "name": "links-notation-comparison",
  "version": "0.0.0",
  "lockfileVersion": 3,
  "requires": true,
  "packages": {
    "": {
      "name": "links-notation-comparison",
      "version": "0.0.0",
      "dependencies": {
        "lino-objects-codec": "^0.9.0",
        "yaml": "^2.9.1"
      }
    },
    "node_modules/links-notation": {
      "version": "0.23.0",
      "resolved": "https://registry.npmjs.org/links-notation/-/links-notation-0.23.0.tgz",
      "integrity": "sha512-g9S4nnJc9xjxbaHL8W1tG5KV+B2wioUzd7rXrJ1IOpY/G7F0fQxy3cVVakqKPp6D9h3vALl2LPFSekp7kbcONg==",
      "license": "Unlicense"
    },
    "node_modules/lino-objects-codec": {
      "version": "0.9.0",
      "resolved": "https://registry.npmjs.org/lino-objects-codec/-/lino-objects-codec-0.9.0.tgz",
      "integrity": "sha512-Nrd5D9Yw0q2KOESOczLs412wO6CgMB2gaETeh851SSSFl+rslrr529450zPFRD815g/eaclMFf5u9aAVt9abyw==",
      "license": "Unlicense",
      "dependencies": {
        "links-notation": "^0.23.0"
      },
      "engines": {
        "node": ">=22.11.0"
      }
    },
    "node_modules/yaml": {
      "version": "2.9.1",
      "resolved": "https://registry.npmjs.org/yaml/-/yaml-2.9.1.tgz",
      "integrity": "sha512-3NxN8+78OdzbT7C/WjGsyfPAtJaN3FNDsWxv7Y7mcDsT/oOmgW8BpyQQFFBnvZE3j9Y2Sdz1ULFLezL7Eb2yFw==",
      "license": "ISC",
      "bin": {
        "yaml": "bin.mjs"
      },
      "engines": {
        "node": ">= 14.6"
      },
      "funding": {
        "url": "https://github.com/sponsors/eemeli"
      }
    }
  }
}
